{
  "version": 2,
  "dependencies": {
    "net8.0": {
      "Microsoft.DotNet.ILCompiler": {
        "type": "Direct",
        "requested": "[8.0.0-rc.2.23479.6, )",
        "resolved": "8.0.0-rc.2.23479.6",
        "contentHash": "BnWcV5SGqy869sCWcdzzPh5C1u5Ksc+ai3E4euhJuhyXLXiaBmIUv2d3SMf+1Nr9XW6w+yJI++mt5WqsB79V6w=="
      },
      "Microsoft.NET.ILLink.Tasks": {
        "type": "Direct",
        "requested": "[8.0.0-rc.2.23479.6, )",
        "resolved": "8.0.0-rc.2.23479.6",
        "contentHash": "neRDuxVI/tdf5yz/rLyD1kP3DkWx8uHTvb1wcqbjDn4QQDHmYHwcuHBnVVPYtBzMFmlVNmJMa91weUEhHx2z5A=="
      },
      "Roslynator.Analyzers": {
        "type": "Direct",
        "requested": "[4.6.0, )",
        "resolved": "4.6.0",
        "contentHash": "pIRnhOybcaH57SPBYV+37FUk1RuNslfb95tEKdwHhYKAzXePqD8QXpzm+KDN/KOpdXV42Da+UhfjWzFyeKSHHQ=="
      },
      "Roslynator.CodeAnalysis.Analyzers": {
        "type": "Direct",
        "requested": "[4.6.0, )",
        "resolved": "4.6.0",
        "contentHash": "zPk7zNbWISlara4vDN7NAdY0bK9poPI5OXBWIPXxpm9dEcyYJrgohqPmTJVeC0zxBnPlTeRJuKaFfH+8I54k1A=="
      },
      "Roslynator.Formatting.Analyzers": {
        "type": "Direct",
        "requested": "[4.6.0, )",
        "resolved": "4.6.0",
        "contentHash": "vPiQPydfUBbYbljMEqIUiqnLXjrRidOhW+sYZENSRQmL7PyPlqToav1itmQCSv5Xi4mX8Ix0EBgnXlhzJqzCcA=="
      },
      "SecurityCodeScan.VS2019": {
        "type": "Direct",
        "requested": "[5.6.7, )",
        "resolved": "5.6.7",
        "contentHash": "WIE9RJswdSc2j+rLz2gW6U+gMUjMHzY2j7C/CL8/R2olXNM/+twarfMnWqm+rZodDBvaYDApJyxM8mVYf9FGrQ=="
      },
      "amazonia.deliveryroute.commons": {
        "type": "Project",
        "dependencies": {
          "CommunityToolkit.Diagnostics": "[8.2.1, )"
        }
      },
      "CommunityToolkit.Diagnostics": {
        "type": "CentralTransitive",
        "requested": "[8.2.1, )",
        "resolved": "8.2.1",
        "contentHash": "s8URwNarXZZLDtVf9B1AvdKMYg4tNFEuikjrMJYlwgAdSoQT0Y7W8mCYA2o2H+dKiCRVLJUXBdxflk/+QS9QBg=="
      }
    }
  }
}