
Microsoft Visual Studio Solution File, Format Version 12.00
# Visual Studio Version 17
VisualStudioVersion = 17.8.34205.153
MinimumVisualStudioVersion = 10.0.40219.1
Project("{FAE04EC0-301F-11D3-BF4B-00C04F79EFBC}") = "Amazonia.DeliveryRoute.Api", "Amazonia.DeliveryRoute.Api\Amazonia.DeliveryRoute.Api.csproj", "{758CA326-34C5-4A6A-AFC3-DBE1E41F95DB}"
EndProject
Global
	GlobalSection(SolutionConfigurationPlatforms) = preSolution
		Debug|Any CPU = Debug|Any CPU
		Release|Any CPU = Release|Any CPU
	EndGlobalSection
	GlobalSection(ProjectConfigurationPlatforms) = postSolution
		{758CA326-34C5-4A6A-AFC3-DBE1E41F95DB}.Debug|Any CPU.ActiveCfg = Debug|Any CPU
		{758CA326-34C5-4A6A-AFC3-DBE1E41F95DB}.Debug|Any CPU.Build.0 = Debug|Any CPU
		{758CA326-34C5-4A6A-AFC3-DBE1E41F95DB}.Release|Any CPU.ActiveCfg = Release|Any CPU
		{758CA326-34C5-4A6A-AFC3-DBE1E41F95DB}.Release|Any CPU.Build.0 = Release|Any CPU
	EndGlobalSection
	GlobalSection(SolutionProperties) = preSolution
		HideSolutionNode = FALSE
	EndGlobalSection
	GlobalSection(ExtensibilityGlobals) = postSolution
		SolutionGuid = {98A94929-5B2C-4803-B7C0-217A060B0AD9}
	EndGlobalSection
EndGlobal
