
Microsoft Visual Studio Solution File, Format Version 12.00
# Visual Studio Version 17
VisualStudioVersion = 17.8.34205.153
MinimumVisualStudioVersion = 10.0.40219.1
Project("{9A19103F-16F7-4668-BE54-9A1E7A4F7556}") = "Amazonia.DeliveryRoute.Api", "Amazonia.DeliveryRoute.Api\Amazonia.DeliveryRoute.Api.csproj", "{758CA326-34C5-4A6A-AFC3-DBE1E41F95DB}"
EndProject
Project("{2150E333-8FDC-42A3-9474-1A3956D46DE8}") = "00 - Commons", "00 - Commons", "{7812A46E-DAE3-4F3B-878A-09C33DF58C8B}"
	ProjectSection(SolutionItems) = preProject
		.dockerignore = .dockerignore
		.gitignore = .gitignore
		Directory.Build.props = Directory.Build.props
		Directory.Packages.props = Directory.Packages.props
		README.md = README.md
	EndProjectSection
EndProject
Project("{9A19103F-16F7-4668-BE54-9A1E7A4F7556}") = "Amazonia.DeliveryRoute.Commons", "Amazonia.DeliveryRoute.Commons\Amazonia.DeliveryRoute.Commons.csproj", "{93B59A65-62E6-4754-8E1D-733798D666B0}"
EndProject
Project("{9A19103F-16F7-4668-BE54-9A1E7A4F7556}") = "Test.Unit.Amazonia.DeliveryRoute.Commons", "Test.Unit.Amazonia.DeliveryRoute.Commons\Test.Unit.Amazonia.DeliveryRoute.Commons.csproj", "{58D48248-8530-4568-8615-C3F20D7CA7FE}"
EndProject
Project("{9A19103F-16F7-4668-BE54-9A1E7A4F7556}") = "Test.Unit.Amazonia.DeliveryRoute.Api", "Test.Unit.Amazonia.DeliveryRoute.Api\Test.Unit.Amazonia.DeliveryRoute.Api.csproj", "{475BB1DE-8F0A-4D61-9A9B-891CB132BB11}"
EndProject
Project("{9A19103F-16F7-4668-BE54-9A1E7A4F7556}") = "Amazonia.DeliveryRoute.GridMap", "Amazonia.DeliveryRoute.GridMap\Amazonia.DeliveryRoute.GridMap.csproj", "{BD3E6771-0496-41CD-BF4F-57B772EDB13D}"
EndProject
Project("{2150E333-8FDC-42A3-9474-1A3956D46DE8}") = "src", "src", "{78B24C14-AE98-4092-80A2-799DFCE629DB}"
EndProject
Project("{2150E333-8FDC-42A3-9474-1A3956D46DE8}") = "test", "test", "{6A973DE9-CBE4-48B3-99A0-ECEEC64479B9}"
EndProject
Project("{9A19103F-16F7-4668-BE54-9A1E7A4F7556}") = "Test.Unit.Amazonia.DeliveryRoute.GridMap", "Test.Unit.Amazonia.DeliveryRoute.GridMap\Test.Unit.Amazonia.DeliveryRoute.GridMap.csproj", "{2AC26B71-FCCE-435A-878C-625796BA8279}"
EndProject
Project("{9A19103F-16F7-4668-BE54-9A1E7A4F7556}") = "Amazonia.DeliveryRoute.RouteCalculation", "Amazonia.DeliveryRoute.RouteCalculation\Amazonia.DeliveryRoute.RouteCalculation.csproj", "{0C745A65-42F4-4246-88BE-2FAAB87D37EE}"
EndProject
Project("{9A19103F-16F7-4668-BE54-9A1E7A4F7556}") = "Test.Unit.Amazonia.DeliveryRoute.RouteCalculation", "Test.Unit.Amazonia.DeliveryRoute.RouteCalculation\Test.Unit.Amazonia.DeliveryRoute.RouteCalculation.csproj", "{828F58D5-B6B6-4FD6-AC38-5924A2A12669}"
EndProject
Project("{9A19103F-16F7-4668-BE54-9A1E7A4F7556}") = "Amazonia.DeliveryRoute.UserInterface", "Amazonia.DeliveryRoute.UserInterface\Amazonia.DeliveryRoute.UserInterface.csproj", "{9052EC01-2F4E-4720-B183-4787ACFEC241}"
EndProject
Global
	GlobalSection(SolutionConfigurationPlatforms) = preSolution
		Debug|Any CPU = Debug|Any CPU
		Release|Any CPU = Release|Any CPU
	EndGlobalSection
	GlobalSection(ProjectConfigurationPlatforms) = postSolution
		{758CA326-34C5-4A6A-AFC3-DBE1E41F95DB}.Debug|Any CPU.ActiveCfg = Debug|Any CPU
		{758CA326-34C5-4A6A-AFC3-DBE1E41F95DB}.Debug|Any CPU.Build.0 = Debug|Any CPU
		{758CA326-34C5-4A6A-AFC3-DBE1E41F95DB}.Release|Any CPU.ActiveCfg = Release|Any CPU
		{758CA326-34C5-4A6A-AFC3-DBE1E41F95DB}.Release|Any CPU.Build.0 = Release|Any CPU
		{93B59A65-62E6-4754-8E1D-733798D666B0}.Debug|Any CPU.ActiveCfg = Debug|Any CPU
		{93B59A65-62E6-4754-8E1D-733798D666B0}.Debug|Any CPU.Build.0 = Debug|Any CPU
		{93B59A65-62E6-4754-8E1D-733798D666B0}.Release|Any CPU.ActiveCfg = Release|Any CPU
		{93B59A65-62E6-4754-8E1D-733798D666B0}.Release|Any CPU.Build.0 = Release|Any CPU
		{58D48248-8530-4568-8615-C3F20D7CA7FE}.Debug|Any CPU.ActiveCfg = Debug|Any CPU
		{58D48248-8530-4568-8615-C3F20D7CA7FE}.Debug|Any CPU.Build.0 = Debug|Any CPU
		{58D48248-8530-4568-8615-C3F20D7CA7FE}.Release|Any CPU.ActiveCfg = Release|Any CPU
		{58D48248-8530-4568-8615-C3F20D7CA7FE}.Release|Any CPU.Build.0 = Release|Any CPU
		{475BB1DE-8F0A-4D61-9A9B-891CB132BB11}.Debug|Any CPU.ActiveCfg = Debug|Any CPU
		{475BB1DE-8F0A-4D61-9A9B-891CB132BB11}.Debug|Any CPU.Build.0 = Debug|Any CPU
		{475BB1DE-8F0A-4D61-9A9B-891CB132BB11}.Release|Any CPU.ActiveCfg = Release|Any CPU
		{475BB1DE-8F0A-4D61-9A9B-891CB132BB11}.Release|Any CPU.Build.0 = Release|Any CPU
		{BD3E6771-0496-41CD-BF4F-57B772EDB13D}.Debug|Any CPU.ActiveCfg = Debug|Any CPU
		{BD3E6771-0496-41CD-BF4F-57B772EDB13D}.Debug|Any CPU.Build.0 = Debug|Any CPU
		{BD3E6771-0496-41CD-BF4F-57B772EDB13D}.Release|Any CPU.ActiveCfg = Release|Any CPU
		{BD3E6771-0496-41CD-BF4F-57B772EDB13D}.Release|Any CPU.Build.0 = Release|Any CPU
		{2AC26B71-FCCE-435A-878C-625796BA8279}.Debug|Any CPU.ActiveCfg = Debug|Any CPU
		{2AC26B71-FCCE-435A-878C-625796BA8279}.Debug|Any CPU.Build.0 = Debug|Any CPU
		{2AC26B71-FCCE-435A-878C-625796BA8279}.Release|Any CPU.ActiveCfg = Release|Any CPU
		{2AC26B71-FCCE-435A-878C-625796BA8279}.Release|Any CPU.Build.0 = Release|Any CPU
		{0C745A65-42F4-4246-88BE-2FAAB87D37EE}.Debug|Any CPU.ActiveCfg = Debug|Any CPU
		{0C745A65-42F4-4246-88BE-2FAAB87D37EE}.Debug|Any CPU.Build.0 = Debug|Any CPU
		{0C745A65-42F4-4246-88BE-2FAAB87D37EE}.Release|Any CPU.ActiveCfg = Release|Any CPU
		{0C745A65-42F4-4246-88BE-2FAAB87D37EE}.Release|Any CPU.Build.0 = Release|Any CPU
		{828F58D5-B6B6-4FD6-AC38-5924A2A12669}.Debug|Any CPU.ActiveCfg = Debug|Any CPU
		{828F58D5-B6B6-4FD6-AC38-5924A2A12669}.Debug|Any CPU.Build.0 = Debug|Any CPU
		{828F58D5-B6B6-4FD6-AC38-5924A2A12669}.Release|Any CPU.ActiveCfg = Release|Any CPU
		{828F58D5-B6B6-4FD6-AC38-5924A2A12669}.Release|Any CPU.Build.0 = Release|Any CPU
		{9052EC01-2F4E-4720-B183-4787ACFEC241}.Debug|Any CPU.ActiveCfg = Debug|Any CPU
		{9052EC01-2F4E-4720-B183-4787ACFEC241}.Debug|Any CPU.Build.0 = Debug|Any CPU
		{9052EC01-2F4E-4720-B183-4787ACFEC241}.Release|Any CPU.ActiveCfg = Release|Any CPU
		{9052EC01-2F4E-4720-B183-4787ACFEC241}.Release|Any CPU.Build.0 = Release|Any CPU
	EndGlobalSection
	GlobalSection(SolutionProperties) = preSolution
		HideSolutionNode = FALSE
	EndGlobalSection
	GlobalSection(NestedProjects) = preSolution
		{758CA326-34C5-4A6A-AFC3-DBE1E41F95DB} = {78B24C14-AE98-4092-80A2-799DFCE629DB}
		{93B59A65-62E6-4754-8E1D-733798D666B0} = {78B24C14-AE98-4092-80A2-799DFCE629DB}
		{58D48248-8530-4568-8615-C3F20D7CA7FE} = {6A973DE9-CBE4-48B3-99A0-ECEEC64479B9}
		{475BB1DE-8F0A-4D61-9A9B-891CB132BB11} = {6A973DE9-CBE4-48B3-99A0-ECEEC64479B9}
		{BD3E6771-0496-41CD-BF4F-57B772EDB13D} = {78B24C14-AE98-4092-80A2-799DFCE629DB}
		{2AC26B71-FCCE-435A-878C-625796BA8279} = {6A973DE9-CBE4-48B3-99A0-ECEEC64479B9}
		{0C745A65-42F4-4246-88BE-2FAAB87D37EE} = {78B24C14-AE98-4092-80A2-799DFCE629DB}
		{828F58D5-B6B6-4FD6-AC38-5924A2A12669} = {6A973DE9-CBE4-48B3-99A0-ECEEC64479B9}
		{9052EC01-2F4E-4720-B183-4787ACFEC241} = {78B24C14-AE98-4092-80A2-799DFCE629DB}
	EndGlobalSection
	GlobalSection(ExtensibilityGlobals) = postSolution
		SolutionGuid = {98A94929-5B2C-4803-B7C0-217A060B0AD9}
	EndGlobalSection
EndGlobal
