
Microsoft Visual Studio Solution File, Format Version 12.00
# Visual Studio Version 17
VisualStudioVersion = 17.8.34205.153
MinimumVisualStudioVersion = 10.0.40219.1
Project("{9A19103F-16F7-4668-BE54-9A1E7A4F7556}") = "Amazonia.DeliveryRoute.Api", "Amazonia.DeliveryRoute.Api\Amazonia.DeliveryRoute.Api.csproj", "{758CA326-34C5-4A6A-AFC3-DBE1E41F95DB}"
EndProject
Project("{2150E333-8FDC-42A3-9474-1A3956D46DE8}") = "00 - Commons", "00 - Commons", "{7812A46E-DAE3-4F3B-878A-09C33DF58C8B}"
	ProjectSection(SolutionItems) = preProject
		.dockerignore = .dockerignore
		.gitignore = .gitignore
		README.md = README.md
	EndProjectSection
EndProject
Project("{FAE04EC0-301F-11D3-BF4B-00C04F79EFBC}") = "Amazonia.DeliveryRoute.Commons", "Amazonia.DeliveryRoute.Commons\Amazonia.DeliveryRoute.Commons.csproj", "{93B59A65-62E6-4754-8E1D-733798D666B0}"
EndProject
Global
	GlobalSection(SolutionConfigurationPlatforms) = preSolution
		Debug|Any CPU = Debug|Any CPU
		Release|Any CPU = Release|Any CPU
	EndGlobalSection
	GlobalSection(ProjectConfigurationPlatforms) = postSolution
		{758CA326-34C5-4A6A-AFC3-DBE1E41F95DB}.Debug|Any CPU.ActiveCfg = Debug|Any CPU
		{758CA326-34C5-4A6A-AFC3-DBE1E41F95DB}.Debug|Any CPU.Build.0 = Debug|Any CPU
		{758CA326-34C5-4A6A-AFC3-DBE1E41F95DB}.Release|Any CPU.ActiveCfg = Release|Any CPU
		{758CA326-34C5-4A6A-AFC3-DBE1E41F95DB}.Release|Any CPU.Build.0 = Release|Any CPU
		{93B59A65-62E6-4754-8E1D-733798D666B0}.Debug|Any CPU.ActiveCfg = Debug|Any CPU
		{93B59A65-62E6-4754-8E1D-733798D666B0}.Debug|Any CPU.Build.0 = Debug|Any CPU
		{93B59A65-62E6-4754-8E1D-733798D666B0}.Release|Any CPU.ActiveCfg = Release|Any CPU
		{93B59A65-62E6-4754-8E1D-733798D666B0}.Release|Any CPU.Build.0 = Release|Any CPU
	EndGlobalSection
	GlobalSection(SolutionProperties) = preSolution
		HideSolutionNode = FALSE
	EndGlobalSection
	GlobalSection(ExtensibilityGlobals) = postSolution
		SolutionGuid = {98A94929-5B2C-4803-B7C0-217A060B0AD9}
	EndGlobalSection
EndGlobal
