{
  "version": 1,
  "dependencies": {
    "net8.0": {
      "CommunityToolkit.Diagnostics": {
        "type": "Direct",
        "requested": "[8.2.1, )",
        "resolved": "8.2.1",
        "contentHash": "s8URwNarXZZLDtVf9B1AvdKMYg4tNFEuikjrMJYlwgAdSoQT0Y7W8mCYA2o2H+dKiCRVLJUXBdxflk/+QS9QBg=="
      },
      "Microsoft.DotNet.ILCompiler": {
        "type": "Direct",
        "requested": "[8.0.0-rc.2.23479.6, )",
        "resolved": "8.0.0-rc.2.23479.6",
        "contentHash": "BnWcV5SGqy869sCWcdzzPh5C1u5Ksc+ai3E4euhJuhyXLXiaBmIUv2d3SMf+1Nr9XW6w+yJI++mt5WqsB79V6w=="
      },
      "Microsoft.NET.ILLink.Tasks": {
        "type": "Direct",
        "requested": "[8.0.0-rc.2.23479.6, )",
        "resolved": "8.0.0-rc.2.23479.6",
        "contentHash": "neRDuxVI/tdf5yz/rLyD1kP3DkWx8uHTvb1wcqbjDn4QQDHmYHwcuHBnVVPYtBzMFmlVNmJMa91weUEhHx2z5A=="
      }
    }
  }
}